
Microsoft Visual Studio Solution File, Format Version 12.00
# Visual Studio Version 17
VisualStudioVersion = 17.2.32526.322
MinimumVisualStudioVersion = 10.0.40219.1
Project("{9A19103F-16F7-4668-BE54-9A1E7A4F7556}") = "StringMutation", "StringMutation\StringMutation.csproj", "{383CC19D-5EF9-4E58-8CDC-0C3482944A9D}"
EndProject
Project("{9A19103F-16F7-4668-BE54-9A1E7A4F7556}") = "StringMutationConsole", "StringMutationConsole\StringMutationConsole.csproj", "{1101E391-4EF5-4E25-A852-17369C819536}"
EndProject
Project("{9A19103F-16F7-4668-BE54-9A1E7A4F7556}") = "PointerDemo", "PointerDemo\PointerDemo.csproj", "{C6014A7C-4EAC-4360-A27C-172B58069D34}"
EndProject
Project("{9A19103F-16F7-4668-BE54-9A1E7A4F7556}") = "MemoryManagement", "MemoryManagement\MemoryManagement.csproj", "{65EADCE8-FD4C-4636-81F4-CA8E3FD3FCB8}"
EndProject
Project("{9A19103F-16F7-4668-BE54-9A1E7A4F7556}") = "DisposableDemo", "DisposableDemo\DisposableDemo.csproj", "{1BFB5C29-02EA-491F-BB52-96A5792BE8C0}"
EndProject
Project("{8BC9CEB8-8B4A-11D0-8D11-00A0C91BC942}") = "CallbackFromNative", "CallbackFromNative\CallbackFromNative.vcxproj", "{E3F6B626-5C3D-4C31-9FAB-F8C2F04E66B5}"
EndProject
Global
	GlobalSection(SolutionConfigurationPlatforms) = preSolution
		Debug|Any CPU = Debug|Any CPU
		Debug|x64 = Debug|x64
		Debug|x86 = Debug|x86
		Release|Any CPU = Release|Any CPU
		Release|x64 = Release|x64
		Release|x86 = Release|x86
	EndGlobalSection
	GlobalSection(ProjectConfigurationPlatforms) = postSolution
		{383CC19D-5EF9-4E58-8CDC-0C3482944A9D}.Debug|Any CPU.ActiveCfg = Debug|Any CPU
		{383CC19D-5EF9-4E58-8CDC-0C3482944A9D}.Debug|Any CPU.Build.0 = Debug|Any CPU
		{383CC19D-5EF9-4E58-8CDC-0C3482944A9D}.Debug|x64.ActiveCfg = Debug|Any CPU
		{383CC19D-5EF9-4E58-8CDC-0C3482944A9D}.Debug|x64.Build.0 = Debug|Any CPU
		{383CC19D-5EF9-4E58-8CDC-0C3482944A9D}.Debug|x86.ActiveCfg = Debug|Any CPU
		{383CC19D-5EF9-4E58-8CDC-0C3482944A9D}.Debug|x86.Build.0 = Debug|Any CPU
		{383CC19D-5EF9-4E58-8CDC-0C3482944A9D}.Release|Any CPU.ActiveCfg = Release|Any CPU
		{383CC19D-5EF9-4E58-8CDC-0C3482944A9D}.Release|Any CPU.Build.0 = Release|Any CPU
		{383CC19D-5EF9-4E58-8CDC-0C3482944A9D}.Release|x64.ActiveCfg = Release|Any CPU
		{383CC19D-5EF9-4E58-8CDC-0C3482944A9D}.Release|x64.Build.0 = Release|Any CPU
		{383CC19D-5EF9-4E58-8CDC-0C3482944A9D}.Release|x86.ActiveCfg = Release|Any CPU
		{383CC19D-5EF9-4E58-8CDC-0C3482944A9D}.Release|x86.Build.0 = Release|Any CPU
		{1101E391-4EF5-4E25-A852-17369C819536}.Debug|Any CPU.ActiveCfg = Debug|Any CPU
		{1101E391-4EF5-4E25-A852-17369C819536}.Debug|Any CPU.Build.0 = Debug|Any CPU
		{1101E391-4EF5-4E25-A852-17369C819536}.Debug|x64.ActiveCfg = Debug|Any CPU
		{1101E391-4EF5-4E25-A852-17369C819536}.Debug|x64.Build.0 = Debug|Any CPU
		{1101E391-4EF5-4E25-A852-17369C819536}.Debug|x86.ActiveCfg = Debug|Any CPU
		{1101E391-4EF5-4E25-A852-17369C819536}.Debug|x86.Build.0 = Debug|Any CPU
		{1101E391-4EF5-4E25-A852-17369C819536}.Release|Any CPU.ActiveCfg = Release|Any CPU
		{1101E391-4EF5-4E25-A852-17369C819536}.Release|Any CPU.Build.0 = Release|Any CPU
		{1101E391-4EF5-4E25-A852-17369C819536}.Release|x64.ActiveCfg = Release|Any CPU
		{1101E391-4EF5-4E25-A852-17369C819536}.Release|x64.Build.0 = Release|Any CPU
		{1101E391-4EF5-4E25-A852-17369C819536}.Release|x86.ActiveCfg = Release|Any CPU
		{1101E391-4EF5-4E25-A852-17369C819536}.Release|x86.Build.0 = Release|Any CPU
		{C6014A7C-4EAC-4360-A27C-172B58069D34}.Debug|Any CPU.ActiveCfg = Debug|Any CPU
		{C6014A7C-4EAC-4360-A27C-172B58069D34}.Debug|Any CPU.Build.0 = Debug|Any CPU
		{C6014A7C-4EAC-4360-A27C-172B58069D34}.Debug|x64.ActiveCfg = Debug|Any CPU
		{C6014A7C-4EAC-4360-A27C-172B58069D34}.Debug|x64.Build.0 = Debug|Any CPU
		{C6014A7C-4EAC-4360-A27C-172B58069D34}.Debug|x86.ActiveCfg = Debug|Any CPU
		{C6014A7C-4EAC-4360-A27C-172B58069D34}.Debug|x86.Build.0 = Debug|Any CPU
		{C6014A7C-4EAC-4360-A27C-172B58069D34}.Release|Any CPU.ActiveCfg = Release|Any CPU
		{C6014A7C-4EAC-4360-A27C-172B58069D34}.Release|Any CPU.Build.0 = Release|Any CPU
		{C6014A7C-4EAC-4360-A27C-172B58069D34}.Release|x64.ActiveCfg = Release|Any CPU
		{C6014A7C-4EAC-4360-A27C-172B58069D34}.Release|x64.Build.0 = Release|Any CPU
		{C6014A7C-4EAC-4360-A27C-172B58069D34}.Release|x86.ActiveCfg = Release|Any CPU
		{C6014A7C-4EAC-4360-A27C-172B58069D34}.Release|x86.Build.0 = Release|Any CPU
		{65EADCE8-FD4C-4636-81F4-CA8E3FD3FCB8}.Debug|Any CPU.ActiveCfg = Debug|Any CPU
		{65EADCE8-FD4C-4636-81F4-CA8E3FD3FCB8}.Debug|Any CPU.Build.0 = Debug|Any CPU
		{65EADCE8-FD4C-4636-81F4-CA8E3FD3FCB8}.Debug|x64.ActiveCfg = Debug|Any CPU
		{65EADCE8-FD4C-4636-81F4-CA8E3FD3FCB8}.Debug|x64.Build.0 = Debug|Any CPU
		{65EADCE8-FD4C-4636-81F4-CA8E3FD3FCB8}.Debug|x86.ActiveCfg = Debug|Any CPU
		{65EADCE8-FD4C-4636-81F4-CA8E3FD3FCB8}.Debug|x86.Build.0 = Debug|Any CPU
		{65EADCE8-FD4C-4636-81F4-CA8E3FD3FCB8}.Release|Any CPU.ActiveCfg = Release|Any CPU
		{65EADCE8-FD4C-4636-81F4-CA8E3FD3FCB8}.Release|Any CPU.Build.0 = Release|Any CPU
		{65EADCE8-FD4C-4636-81F4-CA8E3FD3FCB8}.Release|x64.ActiveCfg = Release|Any CPU
		{65EADCE8-FD4C-4636-81F4-CA8E3FD3FCB8}.Release|x64.Build.0 = Release|Any CPU
		{65EADCE8-FD4C-4636-81F4-CA8E3FD3FCB8}.Release|x86.ActiveCfg = Release|Any CPU
		{65EADCE8-FD4C-4636-81F4-CA8E3FD3FCB8}.Release|x86.Build.0 = Release|Any CPU
		{1BFB5C29-02EA-491F-BB52-96A5792BE8C0}.Debug|Any CPU.ActiveCfg = Debug|Any CPU
		{1BFB5C29-02EA-491F-BB52-96A5792BE8C0}.Debug|Any CPU.Build.0 = Debug|Any CPU
		{1BFB5C29-02EA-491F-BB52-96A5792BE8C0}.Debug|x64.ActiveCfg = Debug|Any CPU
		{1BFB5C29-02EA-491F-BB52-96A5792BE8C0}.Debug|x64.Build.0 = Debug|Any CPU
		{1BFB5C29-02EA-491F-BB52-96A5792BE8C0}.Debug|x86.ActiveCfg = Debug|Any CPU
		{1BFB5C29-02EA-491F-BB52-96A5792BE8C0}.Debug|x86.Build.0 = Debug|Any CPU
		{1BFB5C29-02EA-491F-BB52-96A5792BE8C0}.Release|Any CPU.ActiveCfg = Release|Any CPU
		{1BFB5C29-02EA-491F-BB52-96A5792BE8C0}.Release|Any CPU.Build.0 = Release|Any CPU
		{1BFB5C29-02EA-491F-BB52-96A5792BE8C0}.Release|x64.ActiveCfg = Release|Any CPU
		{1BFB5C29-02EA-491F-BB52-96A5792BE8C0}.Release|x64.Build.0 = Release|Any CPU
		{1BFB5C29-02EA-491F-BB52-96A5792BE8C0}.Release|x86.ActiveCfg = Release|Any CPU
		{1BFB5C29-02EA-491F-BB52-96A5792BE8C0}.Release|x86.Build.0 = Release|Any CPU
		{E3F6B626-5C3D-4C31-9FAB-F8C2F04E66B5}.Debug|Any CPU.ActiveCfg = Debug|x64
		{E3F6B626-5C3D-4C31-9FAB-F8C2F04E66B5}.Debug|Any CPU.Build.0 = Debug|x64
		{E3F6B626-5C3D-4C31-9FAB-F8C2F04E66B5}.Debug|x64.ActiveCfg = Debug|x64
		{E3F6B626-5C3D-4C31-9FAB-F8C2F04E66B5}.Debug|x64.Build.0 = Debug|x64
		{E3F6B626-5C3D-4C31-9FAB-F8C2F04E66B5}.Debug|x86.ActiveCfg = Debug|Win32
		{E3F6B626-5C3D-4C31-9FAB-F8C2F04E66B5}.Debug|x86.Build.0 = Debug|Win32
		{E3F6B626-5C3D-4C31-9FAB-F8C2F04E66B5}.Release|Any CPU.ActiveCfg = Release|x64
		{E3F6B626-5C3D-4C31-9FAB-F8C2F04E66B5}.Release|Any CPU.Build.0 = Release|x64
		{E3F6B626-5C3D-4C31-9FAB-F8C2F04E66B5}.Release|x64.ActiveCfg = Release|x64
		{E3F6B626-5C3D-4C31-9FAB-F8C2F04E66B5}.Release|x64.Build.0 = Release|x64
		{E3F6B626-5C3D-4C31-9FAB-F8C2F04E66B5}.Release|x86.ActiveCfg = Release|Win32
		{E3F6B626-5C3D-4C31-9FAB-F8C2F04E66B5}.Release|x86.Build.0 = Release|Win32
	EndGlobalSection
	GlobalSection(SolutionProperties) = preSolution
		HideSolutionNode = FALSE
	EndGlobalSection
	GlobalSection(ExtensibilityGlobals) = postSolution
		SolutionGuid = {3BF83849-FEE3-4E3E-915C-98D747586E55}
	EndGlobalSection
EndGlobal
